
Microsoft Visual Studio Solution File, Format Version 12.00
# Visual Studio 15
VisualStudioVersion = 15.0.27703.2047
MinimumVisualStudioVersion = 10.0.40219.1
Project("{9A19103F-16F7-4668-BE54-9A1E7A4F7556}") = "tts.business.application", "tts.business.aplication\tts.business.application.csproj", "{12AC6E9B-858A-4AB7-A1CE-0A0C5798A5BD}"
EndProject
Project("{2150E333-8FDC-42A3-9474-1A3956D46DE8}") = "Business", "Business", "{7D64301F-4488-4AB9-96D3-19F6CFCA38BD}"
EndProject
Project("{9A19103F-16F7-4668-BE54-9A1E7A4F7556}") = "tts.business.core", "tts.business.core\tts.business.core.csproj", "{76039D18-8935-4BD9-B8A9-A9DCF42665D3}"
EndProject
Project("{9A19103F-16F7-4668-BE54-9A1E7A4F7556}") = "tts.business.entityframework", "tts.business.entityframework\tts.business.entityframework.csproj", "{5171BC30-F7A1-4006-87B9-41CFFD27BB5B}"
EndProject
Project("{9A19103F-16F7-4668-BE54-9A1E7A4F7556}") = "tts.web", "tts.web\tts.web.csproj", "{F872F69F-EF76-4206-A66C-D2010880656B}"
EndProject
Project("{2150E333-8FDC-42A3-9474-1A3956D46DE8}") = "Extends", "Extends", "{258E6708-23A6-4BB7-AEE4-C9F7CB749863}"
EndProject
Project("{9A19103F-16F7-4668-BE54-9A1E7A4F7556}") = "tts.extends.entityframework", "tts.extends.entityframework\tts.extends.entityframework.csproj", "{DF4631DD-F8BD-4ED4-9E97-DD704EBCC17C}"
EndProject
Project("{FAE04EC0-301F-11D3-BF4B-00C04F79EFBC}") = "tts.extends.common", "tts.extends.common\tts.extends.common.csproj", "{9B16D66B-B789-4479-BFCB-A035084F96B6}"
EndProject
Global
	GlobalSection(SolutionConfigurationPlatforms) = preSolution
		Debug|Any CPU = Debug|Any CPU
		Release|Any CPU = Release|Any CPU
	EndGlobalSection
	GlobalSection(ProjectConfigurationPlatforms) = postSolution
		{12AC6E9B-858A-4AB7-A1CE-0A0C5798A5BD}.Debug|Any CPU.ActiveCfg = Debug|Any CPU
		{12AC6E9B-858A-4AB7-A1CE-0A0C5798A5BD}.Debug|Any CPU.Build.0 = Debug|Any CPU
		{12AC6E9B-858A-4AB7-A1CE-0A0C5798A5BD}.Release|Any CPU.ActiveCfg = Release|Any CPU
		{12AC6E9B-858A-4AB7-A1CE-0A0C5798A5BD}.Release|Any CPU.Build.0 = Release|Any CPU
		{76039D18-8935-4BD9-B8A9-A9DCF42665D3}.Debug|Any CPU.ActiveCfg = Debug|Any CPU
		{76039D18-8935-4BD9-B8A9-A9DCF42665D3}.Debug|Any CPU.Build.0 = Debug|Any CPU
		{76039D18-8935-4BD9-B8A9-A9DCF42665D3}.Release|Any CPU.ActiveCfg = Release|Any CPU
		{76039D18-8935-4BD9-B8A9-A9DCF42665D3}.Release|Any CPU.Build.0 = Release|Any CPU
		{5171BC30-F7A1-4006-87B9-41CFFD27BB5B}.Debug|Any CPU.ActiveCfg = Debug|Any CPU
		{5171BC30-F7A1-4006-87B9-41CFFD27BB5B}.Debug|Any CPU.Build.0 = Debug|Any CPU
		{5171BC30-F7A1-4006-87B9-41CFFD27BB5B}.Release|Any CPU.ActiveCfg = Release|Any CPU
		{5171BC30-F7A1-4006-87B9-41CFFD27BB5B}.Release|Any CPU.Build.0 = Release|Any CPU
		{F872F69F-EF76-4206-A66C-D2010880656B}.Debug|Any CPU.ActiveCfg = Debug|Any CPU
		{F872F69F-EF76-4206-A66C-D2010880656B}.Debug|Any CPU.Build.0 = Debug|Any CPU
		{F872F69F-EF76-4206-A66C-D2010880656B}.Release|Any CPU.ActiveCfg = Release|Any CPU
		{F872F69F-EF76-4206-A66C-D2010880656B}.Release|Any CPU.Build.0 = Release|Any CPU
		{DF4631DD-F8BD-4ED4-9E97-DD704EBCC17C}.Debug|Any CPU.ActiveCfg = Debug|Any CPU
		{DF4631DD-F8BD-4ED4-9E97-DD704EBCC17C}.Debug|Any CPU.Build.0 = Debug|Any CPU
		{DF4631DD-F8BD-4ED4-9E97-DD704EBCC17C}.Release|Any CPU.ActiveCfg = Release|Any CPU
		{DF4631DD-F8BD-4ED4-9E97-DD704EBCC17C}.Release|Any CPU.Build.0 = Release|Any CPU
		{9B16D66B-B789-4479-BFCB-A035084F96B6}.Debug|Any CPU.ActiveCfg = Debug|Any CPU
		{9B16D66B-B789-4479-BFCB-A035084F96B6}.Debug|Any CPU.Build.0 = Debug|Any CPU
		{9B16D66B-B789-4479-BFCB-A035084F96B6}.Release|Any CPU.ActiveCfg = Release|Any CPU
		{9B16D66B-B789-4479-BFCB-A035084F96B6}.Release|Any CPU.Build.0 = Release|Any CPU
	EndGlobalSection
	GlobalSection(SolutionProperties) = preSolution
		HideSolutionNode = FALSE
	EndGlobalSection
	GlobalSection(NestedProjects) = preSolution
		{12AC6E9B-858A-4AB7-A1CE-0A0C5798A5BD} = {7D64301F-4488-4AB9-96D3-19F6CFCA38BD}
		{76039D18-8935-4BD9-B8A9-A9DCF42665D3} = {7D64301F-4488-4AB9-96D3-19F6CFCA38BD}
		{5171BC30-F7A1-4006-87B9-41CFFD27BB5B} = {7D64301F-4488-4AB9-96D3-19F6CFCA38BD}
		{DF4631DD-F8BD-4ED4-9E97-DD704EBCC17C} = {258E6708-23A6-4BB7-AEE4-C9F7CB749863}
		{9B16D66B-B789-4479-BFCB-A035084F96B6} = {258E6708-23A6-4BB7-AEE4-C9F7CB749863}
	EndGlobalSection
	GlobalSection(ExtensibilityGlobals) = postSolution
		SolutionGuid = {762C4BAF-CB38-42F6-B85C-803A13329F2B}
	EndGlobalSection
EndGlobal
